<?xml version="1.0" encoding="utf-8"?>
<Project ToolsVersion="15.0" xmlns="http://schemas.microsoft.com/developer/msbuild/2003">
  <ItemGroup>
    <ClCompile Include="C:\Users\pu1s\OneDrive\Документы\GitHub\skyroom\libs\libskyroom\libskyroom.cpp">
      <Filter>Source Files</Filter>
    </ClCompile>
  </ItemGroup>
  <ItemGroup>
    <CustomBuild Include="C:\Users\pu1s\OneDrive\Документы\GitHub\skyroom\CMakeLists.txt" />
  </ItemGroup>
  <ItemGroup>
    <Filter Include="Source Files">
      <UniqueIdentifier>{1D256147-BED9-35AF-BFA0-CFBA4E58ED4C}</UniqueIdentifier>
    </Filter>
  </ItemGroup>
</Project>
